
Microsoft Visual Studio Solution File, Format Version 12.00
# Visual Studio Version 16
VisualStudioVersion = 16.0.30114.105
MinimumVisualStudioVersion = 10.0.40219.1
Project("{FAE04EC0-301F-11D3-BF4B-00C04F79EFBC}") = "BuberBreakfast", "BuberBreakfast\BuberBreakfast.csproj", "{A6813580-A31C-483B-9373-6070ADA1B8A0}"
EndProject
Project("{FAE04EC0-301F-11D3-BF4B-00C04F79EFBC}") = "BuberBreakfast.Contracts", "BuberBreakfast.Contracts\BuberBreakfast.Contracts.csproj", "{E2CFF49F-9F8B-44C9-AAFB-FCBC6DAFB72D}"
EndProject
Global
	GlobalSection(SolutionConfigurationPlatforms) = preSolution
		Debug|Any CPU = Debug|Any CPU
		Release|Any CPU = Release|Any CPU
	EndGlobalSection
	GlobalSection(SolutionProperties) = preSolution
		HideSolutionNode = FALSE
	EndGlobalSection
	GlobalSection(ProjectConfigurationPlatforms) = postSolution
		{A6813580-A31C-483B-9373-6070ADA1B8A0}.Debug|Any CPU.ActiveCfg = Debug|Any CPU
		{A6813580-A31C-483B-9373-6070ADA1B8A0}.Debug|Any CPU.Build.0 = Debug|Any CPU
		{A6813580-A31C-483B-9373-6070ADA1B8A0}.Release|Any CPU.ActiveCfg = Release|Any CPU
		{A6813580-A31C-483B-9373-6070ADA1B8A0}.Release|Any CPU.Build.0 = Release|Any CPU
		{E2CFF49F-9F8B-44C9-AAFB-FCBC6DAFB72D}.Debug|Any CPU.ActiveCfg = Debug|Any CPU
		{E2CFF49F-9F8B-44C9-AAFB-FCBC6DAFB72D}.Debug|Any CPU.Build.0 = Debug|Any CPU
		{E2CFF49F-9F8B-44C9-AAFB-FCBC6DAFB72D}.Release|Any CPU.ActiveCfg = Release|Any CPU
		{E2CFF49F-9F8B-44C9-AAFB-FCBC6DAFB72D}.Release|Any CPU.Build.0 = Release|Any CPU
	EndGlobalSection
EndGlobal
